
Microsoft Visual Studio Solution File, Format Version 12.00
# Visual Studio Version 16
VisualStudioVersion = 16.0.29509.3
MinimumVisualStudioVersion = 10.0.40219.1
Project("{9A19103F-16F7-4668-BE54-9A1E7A4F7556}") = "01_Array20_IndexX5", "01_Array20_IndexX5\01_Array20_IndexX5.csproj", "{3A2ED556-D319-415F-A143-3F899D2D2A93}"
EndProject
Project("{9A19103F-16F7-4668-BE54-9A1E7A4F7556}") = "02_Check_TWO_Arrayas_EQUAL", "02_Check_TWO_Arrayas_EQUAL\02_Check_TWO_Arrayas_EQUAL.csproj", "{694D9791-427F-40D6-96BA-C0BBEE080CDA}"
EndProject
Project("{9A19103F-16F7-4668-BE54-9A1E7A4F7556}") = "03_Compairs_CHAR", "03_Compairs_CHAR\03_Compairs_CHAR.csproj", "{B6524EDE-81BD-480E-B2CA-F643D80EDBDD}"
EndProject
Project("{9A19103F-16F7-4668-BE54-9A1E7A4F7556}") = "03_Max EQUAL SEQUENCE", "03_Max EQUAL SEQUENCE\03_Max EQUAL SEQUENCE.csproj", "{D2767B10-1024-4E1B-9E94-A2154216D214}"
EndProject
Project("{9A19103F-16F7-4668-BE54-9A1E7A4F7556}") = "05.1_INCREASING+1_Numbers", "05_Longest_INCREASING_Numbers\05.1_INCREASING+1_Numbers.csproj", "{F0BD93CD-852B-4814-AB3B-08FCB31EC3BC}"
EndProject
Project("{9A19103F-16F7-4668-BE54-9A1E7A4F7556}") = "05.2_INCREASING_No_Matter_Numbers", "05_INCREASING_No_Matter_Numbers\05.2_INCREASING_No_Matter_Numbers.csproj", "{86C0CFF3-C62C-44C0-BB02-3D9BACC1B451}"
EndProject
Project("{9A19103F-16F7-4668-BE54-9A1E7A4F7556}") = "06_INCREASING_in_ALL ARRAY", "07_INCREASING_in_ALL ARRAY\06_INCREASING_in_ALL ARRAY.csproj", "{1AFED3CE-66E3-4DCF-B44D-FFAFBD9FC954}"
EndProject
Project("{9A19103F-16F7-4668-BE54-9A1E7A4F7556}") = "07_Max Sum_2consecutive_elements", "07_Max Sum_2consecutive_elements\07_Max Sum_2consecutive_elements.csproj", "{2F2E243A-9726-4CF9-8900-5BD39BDC14AB}"
EndProject
Project("{9A19103F-16F7-4668-BE54-9A1E7A4F7556}") = "08.1_Selection_sort_SP", "08_Selection_sort\08.1_Selection_sort_SP.csproj", "{A6FF6242-FFBD-45C2-B491-217DCB405D0D}"
EndProject
Project("{9A19103F-16F7-4668-BE54-9A1E7A4F7556}") = "08.2_Selection sort_ALGORITHM", "08.2_Selection sprt_ALGORITHM\08.2_Selection sort_ALGORITHM.csproj", "{5C557A0F-8011-4EB4-8D4E-658F9E43134B}"
EndProject
Project("{9A19103F-16F7-4668-BE54-9A1E7A4F7556}") = "00_TEST", "00_TEST\00_TEST.csproj", "{DE6BAC2D-0DD0-441A-A335-57D62002BC96}"
EndProject
Project("{9A19103F-16F7-4668-BE54-9A1E7A4F7556}") = "09_Max Sum Sequence", "09_Max Sum Sequence\09_Max Sum Sequence.csproj", "{4285CAF8-1DD3-412A-A60B-D13807559F6A}"
EndProject
Project("{9A19103F-16F7-4668-BE54-9A1E7A4F7556}") = "10_Most_Identical Elemnt", "10_Most_Identical Elemnt\10_Most_Identical Elemnt.csproj", "{39F8DBF7-4CE8-44AE-B6D4-35492BB009E6}"
EndProject
Project("{9A19103F-16F7-4668-BE54-9A1E7A4F7556}") = "11_Find SUM in ARRAY", "11_Find SUM in ARRAY\11_Find SUM in ARRAY.csproj", "{A4A5EF95-C2C5-42CC-8E6E-1D9D65B3F7A2}"
EndProject
Project("{9A19103F-16F7-4668-BE54-9A1E7A4F7556}") = "12_MATRIX 4x4_creation", "12_MATRIX 4x4_creation\12_MATRIX 4x4_creation.csproj", "{544C44D1-C1C0-428F-87C5-45B3E8C3EA6F}"
EndProject
Project("{FAE04EC0-301F-11D3-BF4B-00C04F79EFBC}") = "13_Matrix N x M", "13_Matrix N x M\13_Matrix N x M.csproj", "{71EB9E59-7DDF-47E2-B8E5-BDA61A3CC7D4}"
EndProject
Global
	GlobalSection(SolutionConfigurationPlatforms) = preSolution
		Debug|Any CPU = Debug|Any CPU
		Release|Any CPU = Release|Any CPU
	EndGlobalSection
	GlobalSection(ProjectConfigurationPlatforms) = postSolution
		{3A2ED556-D319-415F-A143-3F899D2D2A93}.Debug|Any CPU.ActiveCfg = Debug|Any CPU
		{3A2ED556-D319-415F-A143-3F899D2D2A93}.Debug|Any CPU.Build.0 = Debug|Any CPU
		{3A2ED556-D319-415F-A143-3F899D2D2A93}.Release|Any CPU.ActiveCfg = Release|Any CPU
		{3A2ED556-D319-415F-A143-3F899D2D2A93}.Release|Any CPU.Build.0 = Release|Any CPU
		{694D9791-427F-40D6-96BA-C0BBEE080CDA}.Debug|Any CPU.ActiveCfg = Debug|Any CPU
		{694D9791-427F-40D6-96BA-C0BBEE080CDA}.Debug|Any CPU.Build.0 = Debug|Any CPU
		{694D9791-427F-40D6-96BA-C0BBEE080CDA}.Release|Any CPU.ActiveCfg = Release|Any CPU
		{694D9791-427F-40D6-96BA-C0BBEE080CDA}.Release|Any CPU.Build.0 = Release|Any CPU
		{B6524EDE-81BD-480E-B2CA-F643D80EDBDD}.Debug|Any CPU.ActiveCfg = Debug|Any CPU
		{B6524EDE-81BD-480E-B2CA-F643D80EDBDD}.Debug|Any CPU.Build.0 = Debug|Any CPU
		{B6524EDE-81BD-480E-B2CA-F643D80EDBDD}.Release|Any CPU.ActiveCfg = Release|Any CPU
		{B6524EDE-81BD-480E-B2CA-F643D80EDBDD}.Release|Any CPU.Build.0 = Release|Any CPU
		{D2767B10-1024-4E1B-9E94-A2154216D214}.Debug|Any CPU.ActiveCfg = Debug|Any CPU
		{D2767B10-1024-4E1B-9E94-A2154216D214}.Debug|Any CPU.Build.0 = Debug|Any CPU
		{D2767B10-1024-4E1B-9E94-A2154216D214}.Release|Any CPU.ActiveCfg = Release|Any CPU
		{D2767B10-1024-4E1B-9E94-A2154216D214}.Release|Any CPU.Build.0 = Release|Any CPU
		{F0BD93CD-852B-4814-AB3B-08FCB31EC3BC}.Debug|Any CPU.ActiveCfg = Debug|Any CPU
		{F0BD93CD-852B-4814-AB3B-08FCB31EC3BC}.Debug|Any CPU.Build.0 = Debug|Any CPU
		{F0BD93CD-852B-4814-AB3B-08FCB31EC3BC}.Release|Any CPU.ActiveCfg = Release|Any CPU
		{F0BD93CD-852B-4814-AB3B-08FCB31EC3BC}.Release|Any CPU.Build.0 = Release|Any CPU
		{86C0CFF3-C62C-44C0-BB02-3D9BACC1B451}.Debug|Any CPU.ActiveCfg = Debug|Any CPU
		{86C0CFF3-C62C-44C0-BB02-3D9BACC1B451}.Debug|Any CPU.Build.0 = Debug|Any CPU
		{86C0CFF3-C62C-44C0-BB02-3D9BACC1B451}.Release|Any CPU.ActiveCfg = Release|Any CPU
		{86C0CFF3-C62C-44C0-BB02-3D9BACC1B451}.Release|Any CPU.Build.0 = Release|Any CPU
		{1AFED3CE-66E3-4DCF-B44D-FFAFBD9FC954}.Debug|Any CPU.ActiveCfg = Debug|Any CPU
		{1AFED3CE-66E3-4DCF-B44D-FFAFBD9FC954}.Debug|Any CPU.Build.0 = Debug|Any CPU
		{1AFED3CE-66E3-4DCF-B44D-FFAFBD9FC954}.Release|Any CPU.ActiveCfg = Release|Any CPU
		{1AFED3CE-66E3-4DCF-B44D-FFAFBD9FC954}.Release|Any CPU.Build.0 = Release|Any CPU
		{2F2E243A-9726-4CF9-8900-5BD39BDC14AB}.Debug|Any CPU.ActiveCfg = Debug|Any CPU
		{2F2E243A-9726-4CF9-8900-5BD39BDC14AB}.Debug|Any CPU.Build.0 = Debug|Any CPU
		{2F2E243A-9726-4CF9-8900-5BD39BDC14AB}.Release|Any CPU.ActiveCfg = Release|Any CPU
		{2F2E243A-9726-4CF9-8900-5BD39BDC14AB}.Release|Any CPU.Build.0 = Release|Any CPU
		{A6FF6242-FFBD-45C2-B491-217DCB405D0D}.Debug|Any CPU.ActiveCfg = Debug|Any CPU
		{A6FF6242-FFBD-45C2-B491-217DCB405D0D}.Debug|Any CPU.Build.0 = Debug|Any CPU
		{A6FF6242-FFBD-45C2-B491-217DCB405D0D}.Release|Any CPU.ActiveCfg = Release|Any CPU
		{A6FF6242-FFBD-45C2-B491-217DCB405D0D}.Release|Any CPU.Build.0 = Release|Any CPU
		{5C557A0F-8011-4EB4-8D4E-658F9E43134B}.Debug|Any CPU.ActiveCfg = Debug|Any CPU
		{5C557A0F-8011-4EB4-8D4E-658F9E43134B}.Debug|Any CPU.Build.0 = Debug|Any CPU
		{5C557A0F-8011-4EB4-8D4E-658F9E43134B}.Release|Any CPU.ActiveCfg = Release|Any CPU
		{5C557A0F-8011-4EB4-8D4E-658F9E43134B}.Release|Any CPU.Build.0 = Release|Any CPU
		{DE6BAC2D-0DD0-441A-A335-57D62002BC96}.Debug|Any CPU.ActiveCfg = Debug|Any CPU
		{DE6BAC2D-0DD0-441A-A335-57D62002BC96}.Debug|Any CPU.Build.0 = Debug|Any CPU
		{DE6BAC2D-0DD0-441A-A335-57D62002BC96}.Release|Any CPU.ActiveCfg = Release|Any CPU
		{DE6BAC2D-0DD0-441A-A335-57D62002BC96}.Release|Any CPU.Build.0 = Release|Any CPU
		{4285CAF8-1DD3-412A-A60B-D13807559F6A}.Debug|Any CPU.ActiveCfg = Debug|Any CPU
		{4285CAF8-1DD3-412A-A60B-D13807559F6A}.Debug|Any CPU.Build.0 = Debug|Any CPU
		{4285CAF8-1DD3-412A-A60B-D13807559F6A}.Release|Any CPU.ActiveCfg = Release|Any CPU
		{4285CAF8-1DD3-412A-A60B-D13807559F6A}.Release|Any CPU.Build.0 = Release|Any CPU
		{39F8DBF7-4CE8-44AE-B6D4-35492BB009E6}.Debug|Any CPU.ActiveCfg = Debug|Any CPU
		{39F8DBF7-4CE8-44AE-B6D4-35492BB009E6}.Debug|Any CPU.Build.0 = Debug|Any CPU
		{39F8DBF7-4CE8-44AE-B6D4-35492BB009E6}.Release|Any CPU.ActiveCfg = Release|Any CPU
		{39F8DBF7-4CE8-44AE-B6D4-35492BB009E6}.Release|Any CPU.Build.0 = Release|Any CPU
		{A4A5EF95-C2C5-42CC-8E6E-1D9D65B3F7A2}.Debug|Any CPU.ActiveCfg = Debug|Any CPU
		{A4A5EF95-C2C5-42CC-8E6E-1D9D65B3F7A2}.Debug|Any CPU.Build.0 = Debug|Any CPU
		{A4A5EF95-C2C5-42CC-8E6E-1D9D65B3F7A2}.Release|Any CPU.ActiveCfg = Release|Any CPU
		{A4A5EF95-C2C5-42CC-8E6E-1D9D65B3F7A2}.Release|Any CPU.Build.0 = Release|Any CPU
		{544C44D1-C1C0-428F-87C5-45B3E8C3EA6F}.Debug|Any CPU.ActiveCfg = Debug|Any CPU
		{544C44D1-C1C0-428F-87C5-45B3E8C3EA6F}.Debug|Any CPU.Build.0 = Debug|Any CPU
		{544C44D1-C1C0-428F-87C5-45B3E8C3EA6F}.Release|Any CPU.ActiveCfg = Release|Any CPU
		{544C44D1-C1C0-428F-87C5-45B3E8C3EA6F}.Release|Any CPU.Build.0 = Release|Any CPU
		{71EB9E59-7DDF-47E2-B8E5-BDA61A3CC7D4}.Debug|Any CPU.ActiveCfg = Debug|Any CPU
		{71EB9E59-7DDF-47E2-B8E5-BDA61A3CC7D4}.Debug|Any CPU.Build.0 = Debug|Any CPU
		{71EB9E59-7DDF-47E2-B8E5-BDA61A3CC7D4}.Release|Any CPU.ActiveCfg = Release|Any CPU
		{71EB9E59-7DDF-47E2-B8E5-BDA61A3CC7D4}.Release|Any CPU.Build.0 = Release|Any CPU
	EndGlobalSection
	GlobalSection(SolutionProperties) = preSolution
		HideSolutionNode = FALSE
	EndGlobalSection
	GlobalSection(ExtensibilityGlobals) = postSolution
		SolutionGuid = {30CB9238-CBF7-4ED0-A48E-0E5E19E58468}
	EndGlobalSection
EndGlobal
